
Microsoft Visual Studio Solution File, Format Version 12.00
# Visual Studio Version 17
VisualStudioVersion = 17.1.32421.90
MinimumVisualStudioVersion = 10.0.40219.1
Project("{FAE04EC0-301F-11D3-BF4B-00C04F79EFBC}") = "esercizio 11", "esercizio 11\esercizio 11.csproj", "{1694841E-2ED9-48AA-A5A9-89AEDD344C1A}"
EndProject
Global
	GlobalSection(SolutionConfigurationPlatforms) = preSolution
		Debug|Any CPU = Debug|Any CPU
		Release|Any CPU = Release|Any CPU
	EndGlobalSection
	GlobalSection(ProjectConfigurationPlatforms) = postSolution
		{1694841E-2ED9-48AA-A5A9-89AEDD344C1A}.Debug|Any CPU.ActiveCfg = Debug|Any CPU
		{1694841E-2ED9-48AA-A5A9-89AEDD344C1A}.Debug|Any CPU.Build.0 = Debug|Any CPU
		{1694841E-2ED9-48AA-A5A9-89AEDD344C1A}.Release|Any CPU.ActiveCfg = Release|Any CPU
		{1694841E-2ED9-48AA-A5A9-89AEDD344C1A}.Release|Any CPU.Build.0 = Release|Any CPU
	EndGlobalSection
	GlobalSection(SolutionProperties) = preSolution
		HideSolutionNode = FALSE
	EndGlobalSection
	GlobalSection(ExtensibilityGlobals) = postSolution
		SolutionGuid = {32CBED2B-5FFD-433D-A595-AA09148ECB5C}
	EndGlobalSection
EndGlobal
